
Microsoft Visual Studio Solution File, Format Version 12.00
# Visual Studio Version 17
VisualStudioVersion = 17.5.33424.131
MinimumVisualStudioVersion = 10.0.40219.1
Project("{FAE04EC0-301F-11D3-BF4B-00C04F79EFBC}") = "ReenbitCamp_TestTask_azure_func", "ReenbitCamp_TestTask_azure_func.csproj", "{E69BF2D7-0542-4885-AC17-375129075F3B}"
EndProject
Global
	GlobalSection(SolutionConfigurationPlatforms) = preSolution
		Debug|Any CPU = Debug|Any CPU
		Release|Any CPU = Release|Any CPU
	EndGlobalSection
	GlobalSection(ProjectConfigurationPlatforms) = postSolution
		{E69BF2D7-0542-4885-AC17-375129075F3B}.Debug|Any CPU.ActiveCfg = Debug|Any CPU
		{E69BF2D7-0542-4885-AC17-375129075F3B}.Debug|Any CPU.Build.0 = Debug|Any CPU
		{E69BF2D7-0542-4885-AC17-375129075F3B}.Release|Any CPU.ActiveCfg = Release|Any CPU
		{E69BF2D7-0542-4885-AC17-375129075F3B}.Release|Any CPU.Build.0 = Release|Any CPU
	EndGlobalSection
	GlobalSection(SolutionProperties) = preSolution
		HideSolutionNode = FALSE
	EndGlobalSection
	GlobalSection(ExtensibilityGlobals) = postSolution
		SolutionGuid = {D2330A5F-5053-4C61-B74F-BBFA49D2D103}
	EndGlobalSection
EndGlobal
